// !$*UTF8*$!
{
	archiveVersion = 1;
	classes = {
	};
	objectVersion = 46;
	objects = {

/* Begin PBXBuildFile section */
		3609370718433FF0000B7C3E /* Foundation.framework in Frameworks */ = {isa = PBXBuildFile; fileRef = 3609370618433FF0000B7C3E /* Foundation.framework */; };
		3609370918433FF0000B7C3E /* CoreGraphics.framework in Frameworks */ = {isa = PBXBuildFile; fileRef = 3609370818433FF0000B7C3E /* CoreGraphics.framework */; };
		3609370B18433FF0000B7C3E /* UIKit.framework in Frameworks */ = {isa = PBXBuildFile; fileRef = 3609370A18433FF0000B7C3E /* UIKit.framework */; };
		3609371118433FF0000B7C3E /* InfoPlist.strings in Resources */ = {isa = PBXBuildFile; fileRef = 3609370F18433FF0000B7C3E /* InfoPlist.strings */; };
		3609371318433FF0000B7C3E /* main.m in Sources */ = {isa = PBXBuildFile; fileRef = 3609371218433FF0000B7C3E /* main.m */; };
		3609371718433FF1000B7C3E /* AppDelegate.m in Sources */ = {isa = PBXBuildFile; fileRef = 3609371618433FF1000B7C3E /* AppDelegate.m */; };
		3609371A18433FF1000B7C3E /* Main.storyboard in Resources */ = {isa = PBXBuildFile; fileRef = 3609371818433FF1000B7C3E /* Main.storyboard */; };
		3609371D18433FF1000B7C3E /* ViewController.m in Sources */ = {isa = PBXBuildFile; fileRef = 3609371C18433FF1000B7C3E /* ViewController.m */; };
		3609371F18433FF1000B7C3E /* Images.xcassets in Resources */ = {isa = PBXBuildFile; fileRef = 3609371E18433FF1000B7C3E /* Images.xcassets */; };
		3609372618433FF1000B7C3E /* XCTest.framework in Frameworks */ = {isa = PBXBuildFile; fileRef = 3609372518433FF1000B7C3E /* XCTest.framework */; };
		3609372718433FF1000B7C3E /* Foundation.framework in Frameworks */ = {isa = PBXBuildFile; fileRef = 3609370618433FF0000B7C3E /* Foundation.framework */; };
		3609372818433FF1000B7C3E /* UIKit.framework in Frameworks */ = {isa = PBXBuildFile; fileRef = 3609370A18433FF0000B7C3E /* UIKit.framework */; };
		3609373018433FF1000B7C3E /* InfoPlist.strings in Resources */ = {isa = PBXBuildFile; fileRef = 3609372E18433FF1000B7C3E /* InfoPlist.strings */; };
		3609373218433FF1000B7C3E /* dsdfTests.m in Sources */ = {isa = PBXBuildFile; fileRef = 3609373118433FF1000B7C3E /* dsdfTests.m */; };
/* End PBXBuildFile section */

/* Begin PBXContainerItemProxy section */
		3609372918433FF1000B7C3E /* PBXContainerItemProxy */ = {
			isa = PBXContainerItemProxy;
			containerPortal = 360936FB18433FF0000B7C3E /* Project object */;
			proxyType = 1;
			remoteGlobalIDString = 3609370218433FF0000B7C3E;
			remoteInfo = dsdf;
		};
/* End PBXContainerItemProxy section */

/* Begin PBXFileReference section */
		3609370318433FF0000B7C3E /* dsdf.app */ = {isa = PBXFileReference; explicitFileType = wrapper.application; includeInIndex = 0; path = dsdf.app; sourceTree = BUILT_PRODUCTS_DIR; };
		3609370618433FF0000B7C3E /* Foundation.framework */ = {isa = PBXFileReference; lastKnownFileType = wrapper.framework; name = Foundation.framework; path = System/Library/Frameworks/Foundation.framework; sourceTree = SDKROOT; };
		3609370818433FF0000B7C3E /* CoreGraphics.framework */ = {isa = PBXFileReference; lastKnownFileType = wrapper.framework; name = CoreGraphics.framework; path = System/Library/Frameworks/CoreGraphics.framework; sourceTree = SDKROOT; };
		3609370A18433FF0000B7C3E /* UIKit.framework */ = {isa = PBXFileReference; lastKnownFileType = wrapper.framework; name = UIKit.framework; path = System/Library/Frameworks/UIKit.framework; sourceTree = SDKROOT; };
		3609370E18433FF0000B7C3E /* dsdf-Info.plist */ = {isa = PBXFileReference; lastKnownFileType = text.plist.xml; path = "dsdf-Info.plist"; sourceTree = "<group>"; };
		3609371018433FF0000B7C3E /* en */ = {isa = PBXFileReference; lastKnownFileType = text.plist.strings; name = en; path = en.lproj/InfoPlist.strings; sourceTree = "<group>"; };
		3609371218433FF0000B7C3E /* main.m */ = {isa = PBXFileReference; lastKnownFileType = sourcecode.c.objc; path = main.m; sourceTree = "<group>"; };
		3609371418433FF0000B7C3E /* dsdf-Prefix.pch */ = {isa = PBXFileReference; lastKnownFileType = sourcecode.c.h; path = "dsdf-Prefix.pch"; sourceTree = "<group>"; };
		3609371518433FF0000B7C3E /* AppDelegate.h */ = {isa = PBXFileReference; lastKnownFileType = sourcecode.c.h; path = AppDelegate.h; sourceTree = "<group>"; };
		3609371618433FF1000B7C3E /* AppDelegate.m */ = {isa = PBXFileReference; lastKnownFileType = sourcecode.c.objc; path = AppDelegate.m; sourceTree = "<group>"; };
		3609371918433FF1000B7C3E /* Base */ = {isa = PBXFileReference; lastKnownFileType = file.storyboard; name = Base; path = Base.lproj/Main.storyboard; sourceTree = "<group>"; };
		3609371B18433FF1000B7C3E /* ViewController.h */ = {isa = PBXFileReference; lastKnownFileType = sourcecode.c.h; path = ViewController.h; sourceTree = "<group>"; };
		3609371C18433FF1000B7C3E /* ViewController.m */ = {isa = PBXFileReference; lastKnownFileType = sourcecode.c.objc; path = ViewController.m; sourceTree = "<group>"; };
		3609371E18433FF1000B7C3E /* Images.xcassets */ = {isa = PBXFileReference; lastKnownFileType = folder.assetcatalog; path = Images.xcassets; sourceTree = "<group>"; };
		3609372418433FF1000B7C3E /* dsdfTests.xctest */ = {isa = PBXFileReference; explicitFileType = wrapper.cfbundle; includeInIndex = 0; path = dsdfTests.xctest; sourceTree = BUILT_PRODUCTS_DIR; };
		3609372518433FF1000B7C3E /* XCTest.framework */ = {isa = PBXFileReference; lastKnownFileType = wrapper.framework; name = XCTest.framework; path = Library/Frameworks/XCTest.framework; sourceTree = DEVELOPER_DIR; };
		3609372D18433FF1000B7C3E /* dsdfTests-Info.plist */ = {isa = PBXFileReference; lastKnownFileType = text.plist.xml; path = "dsdfTests-Info.plist"; sourceTree = "<group>"; };
		3609372F18433FF1000B7C3E /* en */ = {isa = PBXFileReference; lastKnownFileType = text.plist.strings; name = en; path = en.lproj/InfoPlist.strings; sourceTree = "<group>"; };
		3609373118433FF1000B7C3E /* dsdfTests.m */ = {isa = PBXFileReference; lastKnownFileType = sourcecode.c.objc; path = dsdfTests.m; sourceTree = "<group>"; };
/* End PBXFileReference section */

/* Begin PBXFrameworksBuildPhase section */
		3609370018433FF0000B7C3E /* Frameworks */ = {
			isa = PBXFrameworksBuildPhase;
			buildActionMask = 2147483647;
			files = (
				3609370918433FF0000B7C3E /* CoreGraphics.framework in Frameworks */,
				3609370B18433FF0000B7C3E /* UIKit.framework in Frameworks */,
				3609370718433FF0000B7C3E /* Foundation.framework in Frameworks */,
			);
			runOnlyForDeploymentPostprocessing = 0;
		};
		3609372118433FF1000B7C3E /* Frameworks */ = {
			isa = PBXFrameworksBuildPhase;
			buildActionMask = 2147483647;
			files = (
				3609372618433FF1000B7C3E /* XCTest.framework in Frameworks */,
				3609372818433FF1000B7C3E /* UIKit.framework in Frameworks */,
				3609372718433FF1000B7C3E /* Foundation.framework in Frameworks */,
			);
			runOnlyForDeploymentPostprocessing = 0;
		};
/* End PBXFrameworksBuildPhase section */

/* Begin PBXGroup section */
		360936FA18433FF0000B7C3E = {
			isa = PBXGroup;
			children = (
				3609370C18433FF0000B7C3E /* dsdf */,
				3609372B18433FF1000B7C3E /* dsdfTests */,
				3609370518433FF0000B7C3E /* Frameworks */,
				3609370418433FF0000B7C3E /* Products */,
			);
			sourceTree = "<group>";
		};
		3609370418433FF0000B7C3E /* Products */ = {
			isa = PBXGroup;
			children = (
				3609370318433FF0000B7C3E /* dsdf.app */,
				3609372418433FF1000B7C3E /* dsdfTests.xctest */,
			);
			name = Products;
			sourceTree = "<group>";
		};
		3609370518433FF0000B7C3E /* Frameworks */ = {
			isa = PBXGroup;
			children = (
				3609370618433FF0000B7C3E /* Foundation.framework */,
				3609370818433FF0000B7C3E /* CoreGraphics.framework */,
				3609370A18433FF0000B7C3E /* UIKit.framework */,
				3609372518433FF1000B7C3E /* XCTest.framework */,
			);
			name = Frameworks;
			sourceTree = "<group>";
		};
		3609370C18433FF0000B7C3E /* dsdf */ = {
			isa = PBXGroup;
			children = (
				3609371518433FF0000B7C3E /* AppDelegate.h */,
				3609371618433FF1000B7C3E /* AppDelegate.m */,
				3609371818433FF1000B7C3E /* Main.storyboard */,
				3609371B18433FF1000B7C3E /* ViewController.h */,
				3609371C18433FF1000B7C3E /* ViewController.m */,
				3609371E18433FF1000B7C3E /* Images.xcassets */,
				3609370D18433FF0000B7C3E /* Supporting Files */,
			);
			path = dsdf;
			sourceTree = "<group>";
		};
		3609370D18433FF0000B7C3E /* Supporting Files */ = {
			isa = PBXGroup;
			children = (
				3609370E18433FF0000B7C3E /* dsdf-Info.plist */,
				3609370F18433FF0000B7C3E /* InfoPlist.strings */,
				3609371218433FF0000B7C3E /* main.m */,
				3609371418433FF0000B7C3E /* dsdf-Prefix.pch */,
			);
			name = "Supporting Files";
			sourceTree = "<group>";
		};
		3609372B18433FF1000B7C3E /* dsdfTests */ = {
			isa = PBXGroup;
			children = (
				3609373118433FF1000B7C3E /* dsdfTests.m */,
				3609372C18433FF1000B7C3E /* Supporting Files */,
			);
			path = dsdfTests;
			sourceTree = "<group>";
		};
		3609372C18433FF1000B7C3E /* Supporting Files */ = {
			isa = PBXGroup;
			children = (
				3609372D18433FF1000B7C3E /* dsdfTests-Info.plist */,
				3609372E18433FF1000B7C3E /* InfoPlist.strings */,
			);
			name = "Supporting Files";
			sourceTree = "<group>";
		};
/* End PBXGroup section */

/* Begin PBXNativeTarget section */
		3609370218433FF0000B7C3E /* dsdf */ = {
			isa = PBXNativeTarget;
			buildConfigurationList = 3609373518433FF1000B7C3E /* Build configuration list for PBXNativeTarget "dsdf" */;
			buildPhases = (
				360936FF18433FF0000B7C3E /* Sources */,
				3609370018433FF0000B7C3E /* Frameworks */,
				3609370118433FF0000B7C3E /* Resources */,
			);
			buildRules = (
			);
			dependencies = (
			);
			name = dsdf;
			productName = dsdf;
			productReference = 3609370318433FF0000B7C3E /* dsdf.app */;
			productType = "com.apple.product-type.application";
		};
		3609372318433FF1000B7C3E /* dsdfTests */ = {
			isa = PBXNativeTarget;
			buildConfigurationList = 3609373818433FF1000B7C3E /* Build configuration list for PBXNativeTarget "dsdfTests" */;
			buildPhases = (
				3609372018433FF1000B7C3E /* Sources */,
				3609372118433FF1000B7C3E /* Frameworks */,
				3609372218433FF1000B7C3E /* Resources */,
			);
			buildRules = (
			);
			dependencies = (
				3609372A18433FF1000B7C3E /* PBXTargetDependency */,
			);
			name = dsdfTests;
			productName = dsdfTests;
			productReference = 3609372418433FF1000B7C3E /* dsdfTests.xctest */;
			productType = "com.apple.product-type.bundle.unit-test";
		};
/* End PBXNativeTarget section */

/* Begin PBXProject section */
		360936FB18433FF0000B7C3E /* Project object */ = {
			isa = PBXProject;
			attributes = {
				LastUpgradeCheck = 0500;
				ORGANIZATIONNAME = "Fh SWF";
				TargetAttributes = {
					3609372318433FF1000B7C3E = {
						TestTargetID = 3609370218433FF0000B7C3E;
					};
				};
			};
			buildConfigurationList = 360936FE18433FF0000B7C3E /* Build configuration list for PBXProject "dsdf" */;
			compatibilityVersion = "Xcode 3.2";
			developmentRegion = English;
			hasScannedForEncodings = 0;
			knownRegions = (
				en,
				Base,
			);
			mainGroup = 360936FA18433FF0000B7C3E;
			productRefGroup = 3609370418433FF0000B7C3E /* Products */;
			projectDirPath = "";
			projectRoot = "";
			targets = (
				3609370218433FF0000B7C3E /* dsdf */,
				3609372318433FF1000B7C3E /* dsdfTests */,
			);
		};
/* End PBXProject section */

/* Begin PBXResourcesBuildPhase section */
		3609370118433FF0000B7C3E /* Resources */ = {
			isa = PBXResourcesBuildPhase;
			buildActionMask = 2147483647;
			files = (
				3609371F18433FF1000B7C3E /* Images.xcassets in Resources */,
				3609371118433FF0000B7C3E /* InfoPlist.strings in Resources */,
				3609371A18433FF1000B7C3E /* Main.storyboard in Resources */,
			);
			runOnlyForDeploymentPostprocessing = 0;
		};
		3609372218433FF1000B7C3E /* Resources */ = {
			isa = PBXResourcesBuildPhase;
			buildActionMask = 2147483647;
			files = (
				3609373018433FF1000B7C3E /* InfoPlist.strings in Resources */,
			);
			runOnlyForDeploymentPostprocessing = 0;
		};
/* End PBXResourcesBuildPhase section */

/* Begin PBXSourcesBuildPhase section */
		360936FF18433FF0000B7C3E /* Sources */ = {
			isa = PBXSourcesBuildPhase;
			buildActionMask = 2147483647;
			files = (
				3609371D18433FF1000B7C3E /* ViewController.m in Sources */,
				3609371718433FF1000B7C3E /* AppDelegate.m in Sources */,
				3609371318433FF0000B7C3E /* main.m in Sources */,
			);
			runOnlyForDeploymentPostprocessing = 0;
		};
		3609372018433FF1000B7C3E /* Sources */ = {
			isa = PBXSourcesBuildPhase;
			buildActionMask = 2147483647;
			files = (
				3609373218433FF1000B7C3E /* dsdfTests.m in Sources */,
			);
			runOnlyForDeploymentPostprocessing = 0;
		};
/* End PBXSourcesBuildPhase section */

/* Begin PBXTargetDependency section */
		3609372A18433FF1000B7C3E /* PBXTargetDependency */ = {
			isa = PBXTargetDependency;
			target = 3609370218433FF0000B7C3E /* dsdf */;
			targetProxy = 3609372918433FF1000B7C3E /* PBXContainerItemProxy */;
		};
/* End PBXTargetDependency section */

/* Begin PBXVariantGroup section */
		3609370F18433FF0000B7C3E /* InfoPlist.strings */ = {
			isa = PBXVariantGroup;
			children = (
				3609371018433FF0000B7C3E /* en */,
			);
			name = InfoPlist.strings;
			sourceTree = "<group>";
		};
		3609371818433FF1000B7C3E /* Main.storyboard */ = {
			isa = PBXVariantGroup;
			children = (
				3609371918433FF1000B7C3E /* Base */,
			);
			name = Main.storyboard;
			sourceTree = "<group>";
		};
		3609372E18433FF1000B7C3E /* InfoPlist.strings */ = {
			isa = PBXVariantGroup;
			children = (
				3609372F18433FF1000B7C3E /* en */,
			);
			name = InfoPlist.strings;
			sourceTree = "<group>";
		};
/* End PBXVariantGroup section */

/* Begin XCBuildConfiguration section */
		3609373318433FF1000B7C3E /* Debug */ = {
			isa = XCBuildConfiguration;
			buildSettings = {
				ALWAYS_SEARCH_USER_PATHS = NO;
				ARCHS = "$(ARCHS_STANDARD_INCLUDING_64_BIT)";
				CLANG_CXX_LANGUAGE_STANDARD = "gnu++0x";
				CLANG_CXX_LIBRARY = "libc++";
				CLANG_ENABLE_MODULES = YES;
				CLANG_ENABLE_OBJC_ARC = YES;
				CLANG_WARN_BOOL_CONVERSION = YES;
				CLANG_WARN_CONSTANT_CONVERSION = YES;
				CLANG_WARN_DIRECT_OBJC_ISA_USAGE = YES_ERROR;
				CLANG_WARN_EMPTY_BODY = YES;
				CLANG_WARN_ENUM_CONVERSION = YES;
				CLANG_WARN_INT_CONVERSION = YES;
				CLANG_WARN_OBJC_ROOT_CLASS = YES_ERROR;
				CLANG_WARN__DUPLICATE_METHOD_MATCH = YES;
				"CODE_SIGN_IDENTITY[sdk=iphoneos*]" = "iPhone Developer";
				COPY_PHASE_STRIP = NO;
				GCC_C_LANGUAGE_STANDARD = gnu99;
				GCC_DYNAMIC_NO_PIC = NO;
				GCC_OPTIMIZATION_LEVEL = 0;
				GCC_PREPROCESSOR_DEFINITIONS = (
					"DEBUG=1",
					"$(inherited)",
				);
				GCC_SYMBOLS_PRIVATE_EXTERN = NO;
				GCC_WARN_64_TO_32_BIT_CONVERSION = YES;
				GCC_WARN_ABOUT_RETURN_TYPE = YES_ERROR;
				GCC_WARN_UNDECLARED_SELECTOR = YES;
				GCC_WARN_UNINITIALIZED_AUTOS = YES;
				GCC_WARN_UNUSED_FUNCTION = YES;
				GCC_WARN_UNUSED_VARIABLE = YES;
				IPHONEOS_DEPLOYMENT_TARGET = 7.0;
				ONLY_ACTIVE_ARCH = YES;
				SDKROOT = iphoneos;
			};
			name = Debug;
		};
		3609373418433FF1000B7C3E /* Release */ = {
			isa = XCBuildConfiguration;
			buildSettings = {
				ALWAYS_SEARCH_USER_PATHS = NO;
				ARCHS = "$(ARCHS_STANDARD_INCLUDING_64_BIT)";
				CLANG_CXX_LANGUAGE_STANDARD = "gnu++0x";
				CLANG_CXX_LIBRARY = "libc++";
				CLANG_ENABLE_MODULES = YES;
				CLANG_ENABLE_OBJC_ARC = YES;
				CLANG_WARN_BOOL_CONVERSION = YES;
				CLANG_WARN_CONSTANT_CONVERSION = YES;
				CLANG_WARN_DIRECT_OBJC_ISA_USAGE = YES_ERROR;
				CLANG_WARN_EMPTY_BODY = YES;
				CLANG_WARN_ENUM_CONVERSION = YES;
				CLANG_WARN_INT_CONVERSION = YES;
				CLANG_WARN_OBJC_ROOT_CLASS = YES_ERROR;
				CLANG_WARN__DUPLICATE_METHOD_MATCH = YES;
				"CODE_SIGN_IDENTITY[sdk=iphoneos*]" = "iPhone Developer";
				COPY_PHASE_STRIP = YES;
				ENABLE_NS_ASSERTIONS = NO;
				GCC_C_LANGUAGE_STANDARD = gnu99;
				GCC_WARN_64_TO_32_BIT_CONVERSION = YES;
				GCC_WARN_ABOUT_RETURN_TYPE = YES_ERROR;
				GCC_WARN_UNDECLARED_SELECTOR = YES;
				GCC_WARN_UNINITIALIZED_AUTOS = YES;
				GCC_WARN_UNUSED_FUNCTION = YES;
				GCC_WARN_UNUSED_VARIABLE = YES;
				IPHONEOS_DEPLOYMENT_TARGET = 7.0;
				SDKROOT = iphoneos;
				VALIDATE_PRODUCT = YES;
			};
			name = Release;
		};
		3609373618433FF1000B7C3E /* Debug */ = {
			isa = XCBuildConfiguration;
			buildSettings = {
				ASSETCATALOG_COMPILER_APPICON_NAME = AppIcon;
				ASSETCATALOG_COMPILER_LAUNCHIMAGE_NAME = LaunchImage;
				GCC_PRECOMPILE_PREFIX_HEADER = YES;
				GCC_PREFIX_HEADER = "dsdf/dsdf-Prefix.pch";
				INFOPLIST_FILE = "dsdf/dsdf-Info.plist";
				PRODUCT_NAME = "$(TARGET_NAME)";
				WRAPPER_EXTENSION = app;
			};
			name = Debug;
		};
		3609373718433FF1000B7C3E /* Release */ = {
			isa = XCBuildConfiguration;
			buildSettings = {
				ASSETCATALOG_COMPILER_APPICON_NAME = AppIcon;
				ASSETCATALOG_COMPILER_LAUNCHIMAGE_NAME = LaunchImage;
				GCC_PRECOMPILE_PREFIX_HEADER = YES;
				GCC_PREFIX_HEADER = "dsdf/dsdf-Prefix.pch";
				INFOPLIST_FILE = "dsdf/dsdf-Info.plist";
				PRODUCT_NAME = "$(TARGET_NAME)";
				WRAPPER_EXTENSION = app;
			};
			name = Release;
		};
		3609373918433FF1000B7C3E /* Debug */ = {
			isa = XCBuildConfiguration;
			buildSettings = {
				ARCHS = "$(ARCHS_STANDARD_INCLUDING_64_BIT)";
				BUNDLE_LOADER = "$(BUILT_PRODUCTS_DIR)/dsdf.app/dsdf";
				FRAMEWORK_SEARCH_PATHS = (
					"$(SDKROOT)/Developer/Library/Frameworks",
					"$(inherited)",
					"$(DEVELOPER_FRAMEWORKS_DIR)",
				);
				GCC_PRECOMPILE_PREFIX_HEADER = YES;
				GCC_PREFIX_HEADER = "dsdf/dsdf-Prefix.pch";
				GCC_PREPROCESSOR_DEFINITIONS = (
					"DEBUG=1",
					"$(inherited)",
				);
				INFOPLIST_FILE = "dsdfTests/dsdfTests-Info.plist";
				PRODUCT_NAME = "$(TARGET_NAME)";
				TEST_HOST = "$(BUNDLE_LOADER)";
				WRAPPER_EXTENSION = xctest;
			};
			name = Debug;
		};
		3609373A18433FF1000B7C3E /* Release */ = {
			isa = XCBuildConfiguration;
			buildSettings = {
				ARCHS = "$(ARCHS_STANDARD_INCLUDING_64_BIT)";
				BUNDLE_LOADER = "$(BUILT_PRODUCTS_DIR)/dsdf.app/dsdf";
				FRAMEWORK_SEARCH_PATHS = (
					"$(SDKROOT)/Developer/Library/Frameworks",
					"$(inherited)",
					"$(DEVELOPER_FRAMEWORKS_DIR)",
				);
				GCC_PRECOMPILE_PREFIX_HEADER = YES;
				GCC_PREFIX_HEADER = "dsdf/dsdf-Prefix.pch";
				INFOPLIST_FILE = "dsdfTests/dsdfTests-Info.plist";
				PRODUCT_NAME = "$(TARGET_NAME)";
				TEST_HOST = "$(BUNDLE_LOADER)";
				WRAPPER_EXTENSION = xctest;
			};
			name = Release;
		};
/* End XCBuildConfiguration section */

/* Begin XCConfigurationList section */
		360936FE18433FF0000B7C3E /* Build configuration list for PBXProject "dsdf" */ = {
			isa = XCConfigurationList;
			buildConfigurations = (
				3609373318433FF1000B7C3E /* Debug */,
				3609373418433FF1000B7C3E /* Release */,
			);
			defaultConfigurationIsVisible = 0;
			defaultConfigurationName = Release;
		};
		3609373518433FF1000B7C3E /* Build configuration list for PBXNativeTarget "dsdf" */ = {
			isa = XCConfigurationList;
			buildConfigurations = (
				3609373618433FF1000B7C3E /* Debug */,
				3609373718433FF1000B7C3E /* Release */,
			);
			defaultConfigurationIsVisible = 0;
		};
		3609373818433FF1000B7C3E /* Build configuration list for PBXNativeTarget "dsdfTests" */ = {
			isa = XCConfigurationList;
			buildConfigurations = (
				3609373918433FF1000B7C3E /* Debug */,
				3609373A18433FF1000B7C3E /* Release */,
			);
			defaultConfigurationIsVisible = 0;
		};
/* End XCConfigurationList section */
	};
	rootObject = 360936FB18433FF0000B7C3E /* Project object */;
}
